// !$*UTF8*$!
{
	archiveVersion = 1;
	classes = {
	};
	objectVersion = 55;
	objects = {

/* Begin PBXBuildFile section */
		2244C64028C36F2E0032AD45 /* CloudKit_Exp3_AppleOriProjectApp.swift in Sources */ = {isa = PBXBuildFile; fileRef = 2244C63F28C36F2E0032AD45 /* CloudKit_Exp3_AppleOriProjectApp.swift */; };
		2244C64228C36F2E0032AD45 /* ContentView.swift in Sources */ = {isa = PBXBuildFile; fileRef = 2244C64128C36F2E0032AD45 /* ContentView.swift */; };
		2244C64428C36F2F0032AD45 /* Assets.xcassets in Resources */ = {isa = PBXBuildFile; fileRef = 2244C64328C36F2F0032AD45 /* Assets.xcassets */; };
		2244C64728C36F2F0032AD45 /* Preview Assets.xcassets in Resources */ = {isa = PBXBuildFile; fileRef = 2244C64628C36F2F0032AD45 /* Preview Assets.xcassets */; };
		2244C64928C36F2F0032AD45 /* Persistence.swift in Sources */ = {isa = PBXBuildFile; fileRef = 2244C64828C36F2F0032AD45 /* Persistence.swift */; };
		2244C64C28C36F2F0032AD45 /* CloudKit_Exp3_AppleOriProject.xcdatamodeld in Sources */ = {isa = PBXBuildFile; fileRef = 2244C64A28C36F2F0032AD45 /* CloudKit_Exp3_AppleOriProject.xcdatamodeld */; };
		2244C65528C36F440032AD45 /* CloudKit.framework in Frameworks */ = {isa = PBXBuildFile; fileRef = 2244C65428C36F440032AD45 /* CloudKit.framework */; };
/* End PBXBuildFile section */

/* Begin PBXFileReference section */
		2244C63C28C36F2E0032AD45 /* CloudKit_Exp3_AppleOriProject.app */ = {isa = PBXFileReference; explicitFileType = wrapper.application; includeInIndex = 0; path = CloudKit_Exp3_AppleOriProject.app; sourceTree = BUILT_PRODUCTS_DIR; };
		2244C63F28C36F2E0032AD45 /* CloudKit_Exp3_AppleOriProjectApp.swift */ = {isa = PBXFileReference; lastKnownFileType = sourcecode.swift; path = CloudKit_Exp3_AppleOriProjectApp.swift; sourceTree = "<group>"; };
		2244C64128C36F2E0032AD45 /* ContentView.swift */ = {isa = PBXFileReference; lastKnownFileType = sourcecode.swift; path = ContentView.swift; sourceTree = "<group>"; };
		2244C64328C36F2F0032AD45 /* Assets.xcassets */ = {isa = PBXFileReference; lastKnownFileType = folder.assetcatalog; path = Assets.xcassets; sourceTree = "<group>"; };
		2244C64628C36F2F0032AD45 /* Preview Assets.xcassets */ = {isa = PBXFileReference; lastKnownFileType = folder.assetcatalog; path = "Preview Assets.xcassets"; sourceTree = "<group>"; };
		2244C64828C36F2F0032AD45 /* Persistence.swift */ = {isa = PBXFileReference; lastKnownFileType = sourcecode.swift; path = Persistence.swift; sourceTree = "<group>"; };
		2244C64B28C36F2F0032AD45 /* CloudKit_Exp3_AppleOriProject.xcdatamodel */ = {isa = PBXFileReference; lastKnownFileType = wrapper.xcdatamodel; path = CloudKit_Exp3_AppleOriProject.xcdatamodel; sourceTree = "<group>"; };
		2244C65228C36F3F0032AD45 /* CloudKit_Exp3_AppleOriProject.entitlements */ = {isa = PBXFileReference; lastKnownFileType = text.plist.entitlements; path = CloudKit_Exp3_AppleOriProject.entitlements; sourceTree = "<group>"; };
		2244C65428C36F440032AD45 /* CloudKit.framework */ = {isa = PBXFileReference; lastKnownFileType = wrapper.framework; name = CloudKit.framework; path = System/Library/Frameworks/CloudKit.framework; sourceTree = SDKROOT; };
		2244C65628C36F6A0032AD45 /* CloudKit-Exp3-AppleOriProject-Info.plist */ = {isa = PBXFileReference; lastKnownFileType = text.plist; path = "CloudKit-Exp3-AppleOriProject-Info.plist"; sourceTree = SOURCE_ROOT; };
/* End PBXFileReference section */

/* Begin PBXFrameworksBuildPhase section */
		2244C63928C36F2E0032AD45 /* Frameworks */ = {
			isa = PBXFrameworksBuildPhase;
			buildActionMask = 2147483647;
			files = (
				2244C65528C36F440032AD45 /* CloudKit.framework in Frameworks */,
			);
			runOnlyForDeploymentPostprocessing = 0;
		};
/* End PBXFrameworksBuildPhase section */

/* Begin PBXGroup section */
		2244C63328C36F2E0032AD45 = {
			isa = PBXGroup;
			children = (
				2244C63E28C36F2E0032AD45 /* CloudKit_Exp3_AppleOriProject */,
				2244C63D28C36F2E0032AD45 /* Products */,
				2244C65328C36F440032AD45 /* Frameworks */,
			);
			sourceTree = "<group>";
		};
		2244C63D28C36F2E0032AD45 /* Products */ = {
			isa = PBXGroup;
			children = (
				2244C63C28C36F2E0032AD45 /* CloudKit_Exp3_AppleOriProject.app */,
			);
			name = Products;
			sourceTree = "<group>";
		};
		2244C63E28C36F2E0032AD45 /* CloudKit_Exp3_AppleOriProject */ = {
			isa = PBXGroup;
			children = (
				2244C65628C36F6A0032AD45 /* CloudKit-Exp3-AppleOriProject-Info.plist */,
				2244C65228C36F3F0032AD45 /* CloudKit_Exp3_AppleOriProject.entitlements */,
				2244C63F28C36F2E0032AD45 /* CloudKit_Exp3_AppleOriProjectApp.swift */,
				2244C64128C36F2E0032AD45 /* ContentView.swift */,
				2244C64328C36F2F0032AD45 /* Assets.xcassets */,
				2244C64828C36F2F0032AD45 /* Persistence.swift */,
				2244C64A28C36F2F0032AD45 /* CloudKit_Exp3_AppleOriProject.xcdatamodeld */,
				2244C64528C36F2F0032AD45 /* Preview Content */,
			);
			path = CloudKit_Exp3_AppleOriProject;
			sourceTree = "<group>";
		};
		2244C64528C36F2F0032AD45 /* Preview Content */ = {
			isa = PBXGroup;
			children = (
				2244C64628C36F2F0032AD45 /* Preview Assets.xcassets */,
			);
			path = "Preview Content";
			sourceTree = "<group>";
		};
		2244C65328C36F440032AD45 /* Frameworks */ = {
			isa = PBXGroup;
			children = (
				2244C65428C36F440032AD45 /* CloudKit.framework */,
			);
			name = Frameworks;
			sourceTree = "<group>";
		};
/* End PBXGroup section */

/* Begin PBXNativeTarget section */
		2244C63B28C36F2E0032AD45 /* CloudKit_Exp3_AppleOriProject */ = {
			isa = PBXNativeTarget;
			buildConfigurationList = 2244C64F28C36F2F0032AD45 /* Build configuration list for PBXNativeTarget "CloudKit_Exp3_AppleOriProject" */;
			buildPhases = (
				2244C63828C36F2E0032AD45 /* Sources */,
				2244C63928C36F2E0032AD45 /* Frameworks */,
				2244C63A28C36F2E0032AD45 /* Resources */,
			);
			buildRules = (
			);
			dependencies = (
			);
			name = CloudKit_Exp3_AppleOriProject;
			productName = CloudKit_Exp3_AppleOriProject;
			productReference = 2244C63C28C36F2E0032AD45 /* CloudKit_Exp3_AppleOriProject.app */;
			productType = "com.apple.product-type.application";
		};
/* End PBXNativeTarget section */

/* Begin PBXProject section */
		2244C63428C36F2E0032AD45 /* Project object */ = {
			isa = PBXProject;
			attributes = {
				BuildIndependentTargetsInParallel = 1;
				LastSwiftUpdateCheck = 1330;
				LastUpgradeCheck = 1330;
				TargetAttributes = {
					2244C63B28C36F2E0032AD45 = {
						CreatedOnToolsVersion = 13.3.1;
					};
				};
			};
			buildConfigurationList = 2244C63728C36F2E0032AD45 /* Build configuration list for PBXProject "CloudKit_Exp3_AppleOriProject" */;
			compatibilityVersion = "Xcode 13.0";
			developmentRegion = en;
			hasScannedForEncodings = 0;
			knownRegions = (
				en,
				Base,
			);
			mainGroup = 2244C63328C36F2E0032AD45;
			productRefGroup = 2244C63D28C36F2E0032AD45 /* Products */;
			projectDirPath = "";
			projectRoot = "";
			targets = (
				2244C63B28C36F2E0032AD45 /* CloudKit_Exp3_AppleOriProject */,
			);
		};
/* End PBXProject section */

/* Begin PBXResourcesBuildPhase section */
		2244C63A28C36F2E0032AD45 /* Resources */ = {
			isa = PBXResourcesBuildPhase;
			buildActionMask = 2147483647;
			files = (
				2244C64728C36F2F0032AD45 /* Preview Assets.xcassets in Resources */,
				2244C64428C36F2F0032AD45 /* Assets.xcassets in Resources */,
			);
			runOnlyForDeploymentPostprocessing = 0;
		};
/* End PBXResourcesBuildPhase section */

/* Begin PBXSourcesBuildPhase section */
		2244C63828C36F2E0032AD45 /* Sources */ = {
			isa = PBXSourcesBuildPhase;
			buildActionMask = 2147483647;
			files = (
				2244C64928C36F2F0032AD45 /* Persistence.swift in Sources */,
				2244C64228C36F2E0032AD45 /* ContentView.swift in Sources */,
				2244C64C28C36F2F0032AD45 /* CloudKit_Exp3_AppleOriProject.xcdatamodeld in Sources */,
				2244C64028C36F2E0032AD45 /* CloudKit_Exp3_AppleOriProjectApp.swift in Sources */,
			);
			runOnlyForDeploymentPostprocessing = 0;
		};
/* End PBXSourcesBuildPhase section */

/* Begin XCBuildConfiguration section */
		2244C64D28C36F2F0032AD45 /* Debug */ = {
			isa = XCBuildConfiguration;
			buildSettings = {
				ALWAYS_SEARCH_USER_PATHS = NO;
				CLANG_ANALYZER_NONNULL = YES;
				CLANG_ANALYZER_NUMBER_OBJECT_CONVERSION = YES_AGGRESSIVE;
				CLANG_CXX_LANGUAGE_STANDARD = "gnu++17";
				CLANG_ENABLE_MODULES = YES;
				CLANG_ENABLE_OBJC_ARC = YES;
				CLANG_ENABLE_OBJC_WEAK = YES;
				CLANG_WARN_BLOCK_CAPTURE_AUTORELEASING = YES;
				CLANG_WARN_BOOL_CONVERSION = YES;
				CLANG_WARN_COMMA = YES;
				CLANG_WARN_CONSTANT_CONVERSION = YES;
				CLANG_WARN_DEPRECATED_OBJC_IMPLEMENTATIONS = YES;
				CLANG_WARN_DIRECT_OBJC_ISA_USAGE = YES_ERROR;
				CLANG_WARN_DOCUMENTATION_COMMENTS = YES;
				CLANG_WARN_EMPTY_BODY = YES;
				CLANG_WARN_ENUM_CONVERSION = YES;
				CLANG_WARN_INFINITE_RECURSION = YES;
				CLANG_WARN_INT_CONVERSION = YES;
				CLANG_WARN_NON_LITERAL_NULL_CONVERSION = YES;
				CLANG_WARN_OBJC_IMPLICIT_RETAIN_SELF = YES;
				CLANG_WARN_OBJC_LITERAL_CONVERSION = YES;
				CLANG_WARN_OBJC_ROOT_CLASS = YES_ERROR;
				CLANG_WARN_QUOTED_INCLUDE_IN_FRAMEWORK_HEADER = YES;
				CLANG_WARN_RANGE_LOOP_ANALYSIS = YES;
				CLANG_WARN_STRICT_PROTOTYPES = YES;
				CLANG_WARN_SUSPICIOUS_MOVE = YES;
				CLANG_WARN_UNGUARDED_AVAILABILITY = YES_AGGRESSIVE;
				CLANG_WARN_UNREACHABLE_CODE = YES;
				CLANG_WARN__DUPLICATE_METHOD_MATCH = YES;
				COPY_PHASE_STRIP = NO;
				DEBUG_INFORMATION_FORMAT = dwarf;
				ENABLE_STRICT_OBJC_MSGSEND = YES;
				ENABLE_TESTABILITY = YES;
				GCC_C_LANGUAGE_STANDARD = gnu11;
				GCC_DYNAMIC_NO_PIC = NO;
				GCC_NO_COMMON_BLOCKS = YES;
				GCC_OPTIMIZATION_LEVEL = 0;
				GCC_PREPROCESSOR_DEFINITIONS = (
					"DEBUG=1",
					"$(inherited)",
				);
				GCC_WARN_64_TO_32_BIT_CONVERSION = YES;
				GCC_WARN_ABOUT_RETURN_TYPE = YES_ERROR;
				GCC_WARN_UNDECLARED_SELECTOR = YES;
				GCC_WARN_UNINITIALIZED_AUTOS = YES_AGGRESSIVE;
				GCC_WARN_UNUSED_FUNCTION = YES;
				GCC_WARN_UNUSED_VARIABLE = YES;
				IPHONEOS_DEPLOYMENT_TARGET = 15.4;
				MTL_ENABLE_DEBUG_INFO = INCLUDE_SOURCE;
				MTL_FAST_MATH = YES;
				ONLY_ACTIVE_ARCH = YES;
				SDKROOT = iphoneos;
				SWIFT_ACTIVE_COMPILATION_CONDITIONS = DEBUG;
				SWIFT_OPTIMIZATION_LEVEL = "-Onone";
			};
			name = Debug;
		};
		2244C64E28C36F2F0032AD45 /* Release */ = {
			isa = XCBuildConfiguration;
			buildSettings = {
				ALWAYS_SEARCH_USER_PATHS = NO;
				CLANG_ANALYZER_NONNULL = YES;
				CLANG_ANALYZER_NUMBER_OBJECT_CONVERSION = YES_AGGRESSIVE;
				CLANG_CXX_LANGUAGE_STANDARD = "gnu++17";
				CLANG_ENABLE_MODULES = YES;
				CLANG_ENABLE_OBJC_ARC = YES;
				CLANG_ENABLE_OBJC_WEAK = YES;
				CLANG_WARN_BLOCK_CAPTURE_AUTORELEASING = YES;
				CLANG_WARN_BOOL_CONVERSION = YES;
				CLANG_WARN_COMMA = YES;
				CLANG_WARN_CONSTANT_CONVERSION = YES;
				CLANG_WARN_DEPRECATED_OBJC_IMPLEMENTATIONS = YES;
				CLANG_WARN_DIRECT_OBJC_ISA_USAGE = YES_ERROR;
				CLANG_WARN_DOCUMENTATION_COMMENTS = YES;
				CLANG_WARN_EMPTY_BODY = YES;
				CLANG_WARN_ENUM_CONVERSION = YES;
				CLANG_WARN_INFINITE_RECURSION = YES;
				CLANG_WARN_INT_CONVERSION = YES;
				CLANG_WARN_NON_LITERAL_NULL_CONVERSION = YES;
				CLANG_WARN_OBJC_IMPLICIT_RETAIN_SELF = YES;
				CLANG_WARN_OBJC_LITERAL_CONVERSION = YES;
				CLANG_WARN_OBJC_ROOT_CLASS = YES_ERROR;
				CLANG_WARN_QUOTED_INCLUDE_IN_FRAMEWORK_HEADER = YES;
				CLANG_WARN_RANGE_LOOP_ANALYSIS = YES;
				CLANG_WARN_STRICT_PROTOTYPES = YES;
				CLANG_WARN_SUSPICIOUS_MOVE = YES;
				CLANG_WARN_UNGUARDED_AVAILABILITY = YES_AGGRESSIVE;
				CLANG_WARN_UNREACHABLE_CODE = YES;
				CLANG_WARN__DUPLICATE_METHOD_MATCH = YES;
				COPY_PHASE_STRIP = NO;
				DEBUG_INFORMATION_FORMAT = "dwarf-with-dsym";
				ENABLE_NS_ASSERTIONS = NO;
				ENABLE_STRICT_OBJC_MSGSEND = YES;
				GCC_C_LANGUAGE_STANDARD = gnu11;
				GCC_NO_COMMON_BLOCKS = YES;
				GCC_WARN_64_TO_32_BIT_CONVERSION = YES;
				GCC_WARN_ABOUT_RETURN_TYPE = YES_ERROR;
				GCC_WARN_UNDECLARED_SELECTOR = YES;
				GCC_WARN_UNINITIALIZED_AUTOS = YES_AGGRESSIVE;
				GCC_WARN_UNUSED_FUNCTION = YES;
				GCC_WARN_UNUSED_VARIABLE = YES;
				IPHONEOS_DEPLOYMENT_TARGET = 15.4;
				MTL_ENABLE_DEBUG_INFO = NO;
				MTL_FAST_MATH = YES;
				SDKROOT = iphoneos;
				SWIFT_COMPILATION_MODE = wholemodule;
				SWIFT_OPTIMIZATION_LEVEL = "-O";
				VALIDATE_PRODUCT = YES;
			};
			name = Release;
		};
		2244C65028C36F2F0032AD45 /* Debug */ = {
			isa = XCBuildConfiguration;
			buildSettings = {
				ASSETCATALOG_COMPILER_APPICON_NAME = AppIcon;
				ASSETCATALOG_COMPILER_GLOBAL_ACCENT_COLOR_NAME = AccentColor;
				CODE_SIGN_ENTITLEMENTS = CloudKit_Exp3_AppleOriProject/CloudKit_Exp3_AppleOriProject.entitlements;
				CODE_SIGN_STYLE = Automatic;
				CURRENT_PROJECT_VERSION = 1;
				DEVELOPMENT_ASSET_PATHS = "\"CloudKit_Exp3_AppleOriProject/Preview Content\"";
				DEVELOPMENT_TEAM = DXUHD47ZA5;
				ENABLE_PREVIEWS = YES;
				GENERATE_INFOPLIST_FILE = YES;
				INFOPLIST_FILE = "CloudKit-Exp3-AppleOriProject-Info.plist";
				INFOPLIST_KEY_UIApplicationSceneManifest_Generation = YES;
				INFOPLIST_KEY_UIApplicationSupportsIndirectInputEvents = YES;
				INFOPLIST_KEY_UILaunchScreen_Generation = YES;
				INFOPLIST_KEY_UISupportedInterfaceOrientations_iPad = "UIInterfaceOrientationPortrait UIInterfaceOrientationPortraitUpsideDown UIInterfaceOrientationLandscapeLeft UIInterfaceOrientationLandscapeRight";
				INFOPLIST_KEY_UISupportedInterfaceOrientations_iPhone = "UIInterfaceOrientationPortrait UIInterfaceOrientationLandscapeLeft UIInterfaceOrientationLandscapeRight";
				LD_RUNPATH_SEARCH_PATHS = (
					"$(inherited)",
					"@executable_path/Frameworks",
				);
				MARKETING_VERSION = 1.0;
				PRODUCT_BUNDLE_IDENTIFIER = "WindForceStudio.CloudKit-Exp3-AppleOriProject";
				PRODUCT_NAME = "$(TARGET_NAME)";
				SWIFT_EMIT_LOC_STRINGS = YES;
				SWIFT_VERSION = 5.0;
				TARGETED_DEVICE_FAMILY = "1,2";
			};
			name = Debug;
		};
		2244C65128C36F2F0032AD45 /* Release */ = {
			isa = XCBuildConfiguration;
			buildSettings = {
				ASSETCATALOG_COMPILER_APPICON_NAME = AppIcon;
				ASSETCATALOG_COMPILER_GLOBAL_ACCENT_COLOR_NAME = AccentColor;
				CODE_SIGN_ENTITLEMENTS = CloudKit_Exp3_AppleOriProject/CloudKit_Exp3_AppleOriProject.entitlements;
				CODE_SIGN_STYLE = Automatic;
				CURRENT_PROJECT_VERSION = 1;
				DEVELOPMENT_ASSET_PATHS = "\"CloudKit_Exp3_AppleOriProject/Preview Content\"";
				DEVELOPMENT_TEAM = DXUHD47ZA5;
				ENABLE_PREVIEWS = YES;
				GENERATE_INFOPLIST_FILE = YES;
				INFOPLIST_FILE = "CloudKit-Exp3-AppleOriProject-Info.plist";
				INFOPLIST_KEY_UIApplicationSceneManifest_Generation = YES;
				INFOPLIST_KEY_UIApplicationSupportsIndirectInputEvents = YES;
				INFOPLIST_KEY_UILaunchScreen_Generation = YES;
				INFOPLIST_KEY_UISupportedInterfaceOrientations_iPad = "UIInterfaceOrientationPortrait UIInterfaceOrientationPortraitUpsideDown UIInterfaceOrientationLandscapeLeft UIInterfaceOrientationLandscapeRight";
				INFOPLIST_KEY_UISupportedInterfaceOrientations_iPhone = "UIInterfaceOrientationPortrait UIInterfaceOrientationLandscapeLeft UIInterfaceOrientationLandscapeRight";
				LD_RUNPATH_SEARCH_PATHS = (
					"$(inherited)",
					"@executable_path/Frameworks",
				);
				MARKETING_VERSION = 1.0;
				PRODUCT_BUNDLE_IDENTIFIER = "WindForceStudio.CloudKit-Exp3-AppleOriProject";
				PRODUCT_NAME = "$(TARGET_NAME)";
				SWIFT_EMIT_LOC_STRINGS = YES;
				SWIFT_VERSION = 5.0;
				TARGETED_DEVICE_FAMILY = "1,2";
			};
			name = Release;
		};
/* End XCBuildConfiguration section */

/* Begin XCConfigurationList section */
		2244C63728C36F2E0032AD45 /* Build configuration list for PBXProject "CloudKit_Exp3_AppleOriProject" */ = {
			isa = XCConfigurationList;
			buildConfigurations = (
				2244C64D28C36F2F0032AD45 /* Debug */,
				2244C64E28C36F2F0032AD45 /* Release */,
			);
			defaultConfigurationIsVisible = 0;
			defaultConfigurationName = Release;
		};
		2244C64F28C36F2F0032AD45 /* Build configuration list for PBXNativeTarget "CloudKit_Exp3_AppleOriProject" */ = {
			isa = XCConfigurationList;
			buildConfigurations = (
				2244C65028C36F2F0032AD45 /* Debug */,
				2244C65128C36F2F0032AD45 /* Release */,
			);
			defaultConfigurationIsVisible = 0;
			defaultConfigurationName = Release;
		};
/* End XCConfigurationList section */

/* Begin XCVersionGroup section */
		2244C64A28C36F2F0032AD45 /* CloudKit_Exp3_AppleOriProject.xcdatamodeld */ = {
			isa = XCVersionGroup;
			children = (
				2244C64B28C36F2F0032AD45 /* CloudKit_Exp3_AppleOriProject.xcdatamodel */,
			);
			currentVersion = 2244C64B28C36F2F0032AD45 /* CloudKit_Exp3_AppleOriProject.xcdatamodel */;
			path = CloudKit_Exp3_AppleOriProject.xcdatamodeld;
			sourceTree = "<group>";
			versionGroupType = wrapper.xcdatamodel;
		};
/* End XCVersionGroup section */
	};
	rootObject = 2244C63428C36F2E0032AD45 /* Project object */;
}
